
Microsoft Visual Studio Solution File, Format Version 12.00
# Visual Studio Version 17
VisualStudioVersion = 17.13.35825.156 d17.13
MinimumVisualStudioVersion = 10.0.40219.1
Project("{FAE04EC0-301F-11D3-BF4B-00C04F79EFBC}") = "instalacaoConfig", "instalacaoConfig\instalacaoConfig.csproj", "{811CC456-660F-4F4E-A598-780837A8813E}"
EndProject
Global
	GlobalSection(SolutionConfigurationPlatforms) = preSolution
		Debug|Any CPU = Debug|Any CPU
		Release|Any CPU = Release|Any CPU
	EndGlobalSection
	GlobalSection(ProjectConfigurationPlatforms) = postSolution
		{811CC456-660F-4F4E-A598-780837A8813E}.Debug|Any CPU.ActiveCfg = Debug|Any CPU
		{811CC456-660F-4F4E-A598-780837A8813E}.Debug|Any CPU.Build.0 = Debug|Any CPU
		{811CC456-660F-4F4E-A598-780837A8813E}.Release|Any CPU.ActiveCfg = Release|Any CPU
		{811CC456-660F-4F4E-A598-780837A8813E}.Release|Any CPU.Build.0 = Release|Any CPU
	EndGlobalSection
	GlobalSection(SolutionProperties) = preSolution
		HideSolutionNode = FALSE
	EndGlobalSection
	GlobalSection(ExtensibilityGlobals) = postSolution
		SolutionGuid = {CC5C50A3-0FA7-4011-BF58-D1CDDFE0A83B}
	EndGlobalSection
EndGlobal
