
Microsoft Visual Studio Solution File, Format Version 12.00
# Visual Studio Version 17
VisualStudioVersion = 17.13.35825.156
MinimumVisualStudioVersion = 10.0.40219.1
Project("{FAE04EC0-301F-11D3-BF4B-00C04F79EFBC}") = "projetoMVC", "projetoMVC\projetoMVC.csproj", "{C39EF39F-5971-4A92-9DC1-D7C60E0AE70D}"
EndProject
Global
	GlobalSection(SolutionConfigurationPlatforms) = preSolution
		Debug|Any CPU = Debug|Any CPU
		Release|Any CPU = Release|Any CPU
	EndGlobalSection
	GlobalSection(ProjectConfigurationPlatforms) = postSolution
		{C39EF39F-5971-4A92-9DC1-D7C60E0AE70D}.Debug|Any CPU.ActiveCfg = Debug|Any CPU
		{C39EF39F-5971-4A92-9DC1-D7C60E0AE70D}.Debug|Any CPU.Build.0 = Debug|Any CPU
		{C39EF39F-5971-4A92-9DC1-D7C60E0AE70D}.Release|Any CPU.ActiveCfg = Release|Any CPU
		{C39EF39F-5971-4A92-9DC1-D7C60E0AE70D}.Release|Any CPU.Build.0 = Release|Any CPU
	EndGlobalSection
	GlobalSection(SolutionProperties) = preSolution
		HideSolutionNode = FALSE
	EndGlobalSection
	GlobalSection(ExtensibilityGlobals) = postSolution
		SolutionGuid = {E4808C7B-3F21-4AA8-BF34-679F9881EA3A}
	EndGlobalSection
EndGlobal
