
Microsoft Visual Studio Solution File, Format Version 12.00
# Visual Studio Version 17
VisualStudioVersion = 17.13.35825.156 d17.13
MinimumVisualStudioVersion = 10.0.40219.1
Project("{FAE04EC0-301F-11D3-BF4B-00C04F79EFBC}") = "jogoCsharp", "jogoCsharp\jogoCsharp.csproj", "{95CDC2E1-817D-465A-8DA6-0670B2FE0D39}"
EndProject
Global
	GlobalSection(SolutionConfigurationPlatforms) = preSolution
		Debug|Any CPU = Debug|Any CPU
		Release|Any CPU = Release|Any CPU
	EndGlobalSection
	GlobalSection(ProjectConfigurationPlatforms) = postSolution
		{95CDC2E1-817D-465A-8DA6-0670B2FE0D39}.Debug|Any CPU.ActiveCfg = Debug|Any CPU
		{95CDC2E1-817D-465A-8DA6-0670B2FE0D39}.Debug|Any CPU.Build.0 = Debug|Any CPU
		{95CDC2E1-817D-465A-8DA6-0670B2FE0D39}.Release|Any CPU.ActiveCfg = Release|Any CPU
		{95CDC2E1-817D-465A-8DA6-0670B2FE0D39}.Release|Any CPU.Build.0 = Release|Any CPU
	EndGlobalSection
	GlobalSection(SolutionProperties) = preSolution
		HideSolutionNode = FALSE
	EndGlobalSection
	GlobalSection(ExtensibilityGlobals) = postSolution
		SolutionGuid = {F0E9B933-081B-4B10-A37F-9049545F192D}
	EndGlobalSection
EndGlobal
